// !$*UTF8*$!
{
	archiveVersion = 1;
	classes = {
	};
	objectVersion = 56;
	objects = {

/* Begin PBXBuildFile section */
		CA38944F2C77D966008254B9 /* AppDelegate.swift in Sources */ = {isa = PBXBuildFile; fileRef = CA38944E2C77D966008254B9 /* AppDelegate.swift */; };
		CA3894512C77D966008254B9 /* GameScene.sks in Resources */ = {isa = PBXBuildFile; fileRef = CA3894502C77D966008254B9 /* GameScene.sks */; };
		CA3894532C77D966008254B9 /* Actions.sks in Resources */ = {isa = PBXBuildFile; fileRef = CA3894522C77D966008254B9 /* Actions.sks */; };
		CA3894552C77D966008254B9 /* GameScene.swift in Sources */ = {isa = PBXBuildFile; fileRef = CA3894542C77D966008254B9 /* GameScene.swift */; };
		CA3894572C77D966008254B9 /* GameViewController.swift in Sources */ = {isa = PBXBuildFile; fileRef = CA3894562C77D966008254B9 /* GameViewController.swift */; };
		CA38945A2C77D966008254B9 /* Base in Resources */ = {isa = PBXBuildFile; fileRef = CA3894592C77D966008254B9 /* Base */; };
		CA38945C2C77D967008254B9 /* Assets.xcassets in Resources */ = {isa = PBXBuildFile; fileRef = CA38945B2C77D967008254B9 /* Assets.xcassets */; };
		CA38945F2C77D967008254B9 /* Base in Resources */ = {isa = PBXBuildFile; fileRef = CA38945E2C77D967008254B9 /* Base */; };
		CA3894692C77D967008254B9 /* AsteroidsTests.swift in Sources */ = {isa = PBXBuildFile; fileRef = CA3894682C77D967008254B9 /* AsteroidsTests.swift */; };
		CA3894732C77D967008254B9 /* AsteroidsUITests.swift in Sources */ = {isa = PBXBuildFile; fileRef = CA3894722C77D967008254B9 /* AsteroidsUITests.swift */; };
		CA3894752C77D967008254B9 /* AsteroidsUITestsLaunchTests.swift in Sources */ = {isa = PBXBuildFile; fileRef = CA3894742C77D967008254B9 /* AsteroidsUITestsLaunchTests.swift */; };
		CA3894912C77DB74008254B9 /* extraShip.wav in Resources */ = {isa = PBXBuildFile; fileRef = CA38948B2C77DB74008254B9 /* extraShip.wav */; };
		CA3894922C77DB74008254B9 /* beat2.wav in Resources */ = {isa = PBXBuildFile; fileRef = CA38948C2C77DB74008254B9 /* beat2.wav */; };
		CA3894932C77DB74008254B9 /* bangMedium.wav in Resources */ = {isa = PBXBuildFile; fileRef = CA38948D2C77DB74008254B9 /* bangMedium.wav */; };
		CA3894942C77DB74008254B9 /* beat1.wav in Resources */ = {isa = PBXBuildFile; fileRef = CA38948E2C77DB74008254B9 /* beat1.wav */; };
		CA3894952C77DB74008254B9 /* bangSmall.wav in Resources */ = {isa = PBXBuildFile; fileRef = CA38948F2C77DB74008254B9 /* bangSmall.wav */; };
		CA3894962C77DB74008254B9 /* bangLarge.wav in Resources */ = {isa = PBXBuildFile; fileRef = CA3894902C77DB74008254B9 /* bangLarge.wav */; };
		CA3894992C77DE54008254B9 /* OpeningScene.sks in Resources */ = {isa = PBXBuildFile; fileRef = CA3894982C77DE54008254B9 /* OpeningScene.sks */; };
		CA38949B2C77DEFA008254B9 /* OpeningScene.swift in Sources */ = {isa = PBXBuildFile; fileRef = CA38949A2C77DEFA008254B9 /* OpeningScene.swift */; };
		CA38949D2C77DFA5008254B9 /* Asteroid.swift in Sources */ = {isa = PBXBuildFile; fileRef = CA38949C2C77DFA5008254B9 /* Asteroid.swift */; };
		CA38949F2C77DFC7008254B9 /* Constants.swift in Sources */ = {isa = PBXBuildFile; fileRef = CA38949E2C77DFC7008254B9 /* Constants.swift */; };
		CA3894A12C77EDA6008254B9 /* thrust.wav in Resources */ = {isa = PBXBuildFile; fileRef = CA3894A02C77EDA6008254B9 /* thrust.wav */; };
/* End PBXBuildFile section */

/* Begin PBXContainerItemProxy section */
		CA3894652C77D967008254B9 /* PBXContainerItemProxy */ = {
			isa = PBXContainerItemProxy;
			containerPortal = CA3894432C77D966008254B9 /* Project object */;
			proxyType = 1;
			remoteGlobalIDString = CA38944A2C77D966008254B9;
			remoteInfo = Asteroids;
		};
		CA38946F2C77D967008254B9 /* PBXContainerItemProxy */ = {
			isa = PBXContainerItemProxy;
			containerPortal = CA3894432C77D966008254B9 /* Project object */;
			proxyType = 1;
			remoteGlobalIDString = CA38944A2C77D966008254B9;
			remoteInfo = Asteroids;
		};
/* End PBXContainerItemProxy section */

/* Begin PBXFileReference section */
		CA38944B2C77D966008254B9 /* Asteroids.app */ = {isa = PBXFileReference; explicitFileType = wrapper.application; includeInIndex = 0; path = Asteroids.app; sourceTree = BUILT_PRODUCTS_DIR; };
		CA38944E2C77D966008254B9 /* AppDelegate.swift */ = {isa = PBXFileReference; lastKnownFileType = sourcecode.swift; path = AppDelegate.swift; sourceTree = "<group>"; };
		CA3894502C77D966008254B9 /* GameScene.sks */ = {isa = PBXFileReference; lastKnownFileType = file.sks; path = GameScene.sks; sourceTree = "<group>"; };
		CA3894522C77D966008254B9 /* Actions.sks */ = {isa = PBXFileReference; lastKnownFileType = file.sks; path = Actions.sks; sourceTree = "<group>"; };
		CA3894542C77D966008254B9 /* GameScene.swift */ = {isa = PBXFileReference; lastKnownFileType = sourcecode.swift; path = GameScene.swift; sourceTree = "<group>"; };
		CA3894562C77D966008254B9 /* GameViewController.swift */ = {isa = PBXFileReference; lastKnownFileType = sourcecode.swift; path = GameViewController.swift; sourceTree = "<group>"; };
		CA3894592C77D966008254B9 /* Base */ = {isa = PBXFileReference; lastKnownFileType = file.storyboard; name = Base; path = Base.lproj/Main.storyboard; sourceTree = "<group>"; };
		CA38945B2C77D967008254B9 /* Assets.xcassets */ = {isa = PBXFileReference; lastKnownFileType = folder.assetcatalog; path = Assets.xcassets; sourceTree = "<group>"; };
		CA38945E2C77D967008254B9 /* Base */ = {isa = PBXFileReference; lastKnownFileType = file.storyboard; name = Base; path = Base.lproj/LaunchScreen.storyboard; sourceTree = "<group>"; };
		CA3894642C77D967008254B9 /* AsteroidsTests.xctest */ = {isa = PBXFileReference; explicitFileType = wrapper.cfbundle; includeInIndex = 0; path = AsteroidsTests.xctest; sourceTree = BUILT_PRODUCTS_DIR; };
		CA3894682C77D967008254B9 /* AsteroidsTests.swift */ = {isa = PBXFileReference; lastKnownFileType = sourcecode.swift; path = AsteroidsTests.swift; sourceTree = "<group>"; };
		CA38946E2C77D967008254B9 /* AsteroidsUITests.xctest */ = {isa = PBXFileReference; explicitFileType = wrapper.cfbundle; includeInIndex = 0; path = AsteroidsUITests.xctest; sourceTree = BUILT_PRODUCTS_DIR; };
		CA3894722C77D967008254B9 /* AsteroidsUITests.swift */ = {isa = PBXFileReference; lastKnownFileType = sourcecode.swift; path = AsteroidsUITests.swift; sourceTree = "<group>"; };
		CA3894742C77D967008254B9 /* AsteroidsUITestsLaunchTests.swift */ = {isa = PBXFileReference; lastKnownFileType = sourcecode.swift; path = AsteroidsUITestsLaunchTests.swift; sourceTree = "<group>"; };
		CA3894812C77D9A9008254B9 /* ReadMe.md */ = {isa = PBXFileReference; lastKnownFileType = net.daringfireball.markdown; path = ReadMe.md; sourceTree = "<group>"; };
		CA3894822C77DA3B008254B9 /* Info.plist */ = {isa = PBXFileReference; lastKnownFileType = text.plist; path = Info.plist; sourceTree = "<group>"; };
		CA38948B2C77DB74008254B9 /* extraShip.wav */ = {isa = PBXFileReference; lastKnownFileType = audio.wav; path = extraShip.wav; sourceTree = "<group>"; };
		CA38948C2C77DB74008254B9 /* beat2.wav */ = {isa = PBXFileReference; lastKnownFileType = audio.wav; path = beat2.wav; sourceTree = "<group>"; };
		CA38948D2C77DB74008254B9 /* bangMedium.wav */ = {isa = PBXFileReference; lastKnownFileType = audio.wav; path = bangMedium.wav; sourceTree = "<group>"; };
		CA38948E2C77DB74008254B9 /* beat1.wav */ = {isa = PBXFileReference; lastKnownFileType = audio.wav; path = beat1.wav; sourceTree = "<group>"; };
		CA38948F2C77DB74008254B9 /* bangSmall.wav */ = {isa = PBXFileReference; lastKnownFileType = audio.wav; path = bangSmall.wav; sourceTree = "<group>"; };
		CA3894902C77DB74008254B9 /* bangLarge.wav */ = {isa = PBXFileReference; lastKnownFileType = audio.wav; path = bangLarge.wav; sourceTree = "<group>"; };
		CA3894972C77DD32008254B9 /* Skia.ttf */ = {isa = PBXFileReference; lastKnownFileType = file; path = Skia.ttf; sourceTree = "<group>"; };
		CA3894982C77DE54008254B9 /* OpeningScene.sks */ = {isa = PBXFileReference; lastKnownFileType = file.sks; path = OpeningScene.sks; sourceTree = "<group>"; };
		CA38949A2C77DEFA008254B9 /* OpeningScene.swift */ = {isa = PBXFileReference; lastKnownFileType = sourcecode.swift; path = OpeningScene.swift; sourceTree = "<group>"; };
		CA38949C2C77DFA5008254B9 /* Asteroid.swift */ = {isa = PBXFileReference; lastKnownFileType = sourcecode.swift; path = Asteroid.swift; sourceTree = "<group>"; };
		CA38949E2C77DFC7008254B9 /* Constants.swift */ = {isa = PBXFileReference; lastKnownFileType = sourcecode.swift; path = Constants.swift; sourceTree = "<group>"; };
		CA3894A02C77EDA6008254B9 /* thrust.wav */ = {isa = PBXFileReference; lastKnownFileType = audio.wav; path = thrust.wav; sourceTree = "<group>"; };
/* End PBXFileReference section */

/* Begin PBXFrameworksBuildPhase section */
		CA3894482C77D966008254B9 /* Frameworks */ = {
			isa = PBXFrameworksBuildPhase;
			buildActionMask = 2147483647;
			files = (
			);
			runOnlyForDeploymentPostprocessing = 0;
		};
		CA3894612C77D967008254B9 /* Frameworks */ = {
			isa = PBXFrameworksBuildPhase;
			buildActionMask = 2147483647;
			files = (
			);
			runOnlyForDeploymentPostprocessing = 0;
		};
		CA38946B2C77D967008254B9 /* Frameworks */ = {
			isa = PBXFrameworksBuildPhase;
			buildActionMask = 2147483647;
			files = (
			);
			runOnlyForDeploymentPostprocessing = 0;
		};
/* End PBXFrameworksBuildPhase section */

/* Begin PBXGroup section */
		CA3894422C77D966008254B9 = {
			isa = PBXGroup;
			children = (
				CA3894812C77D9A9008254B9 /* ReadMe.md */,
				CA38944D2C77D966008254B9 /* Asteroids */,
				CA3894672C77D967008254B9 /* AsteroidsTests */,
				CA3894712C77D967008254B9 /* AsteroidsUITests */,
				CA38944C2C77D966008254B9 /* Products */,
			);
			sourceTree = "<group>";
		};
		CA38944C2C77D966008254B9 /* Products */ = {
			isa = PBXGroup;
			children = (
				CA38944B2C77D966008254B9 /* Asteroids.app */,
				CA3894642C77D967008254B9 /* AsteroidsTests.xctest */,
				CA38946E2C77D967008254B9 /* AsteroidsUITests.xctest */,
			);
			name = Products;
			sourceTree = "<group>";
		};
		CA38944D2C77D966008254B9 /* Asteroids */ = {
			isa = PBXGroup;
			children = (
				CA38949E2C77DFC7008254B9 /* Constants.swift */,
				CA3894822C77DA3B008254B9 /* Info.plist */,
				CA3894562C77D966008254B9 /* GameViewController.swift */,
				CA38944E2C77D966008254B9 /* AppDelegate.swift */,
				CA3894882C77DABA008254B9 /* Scenes */,
				CA3894832C77DA75008254B9 /* Resources */,
				CA3894582C77D966008254B9 /* Main.storyboard */,
				CA38949A2C77DEFA008254B9 /* OpeningScene.swift */,
			);
			path = Asteroids;
			sourceTree = "<group>";
		};
		CA3894672C77D967008254B9 /* AsteroidsTests */ = {
			isa = PBXGroup;
			children = (
				CA3894682C77D967008254B9 /* AsteroidsTests.swift */,
			);
			path = AsteroidsTests;
			sourceTree = "<group>";
		};
		CA3894712C77D967008254B9 /* AsteroidsUITests */ = {
			isa = PBXGroup;
			children = (
				CA3894722C77D967008254B9 /* AsteroidsUITests.swift */,
				CA3894742C77D967008254B9 /* AsteroidsUITestsLaunchTests.swift */,
			);
			path = AsteroidsUITests;
			sourceTree = "<group>";
		};
		CA3894832C77DA75008254B9 /* Resources */ = {
			isa = PBXGroup;
			children = (
				CA3894862C77DA8D008254B9 /* Graphics */,
				CA3894852C77DA86008254B9 /* Sounds */,
				CA3894842C77DA7D008254B9 /* Fonts */,
			);
			path = Resources;
			sourceTree = "<group>";
		};
		CA3894842C77DA7D008254B9 /* Fonts */ = {
			isa = PBXGroup;
			children = (
				CA3894972C77DD32008254B9 /* Skia.ttf */,
			);
			path = Fonts;
			sourceTree = "<group>";
		};
		CA3894852C77DA86008254B9 /* Sounds */ = {
			isa = PBXGroup;
			children = (
				CA3894902C77DB74008254B9 /* bangLarge.wav */,
				CA38948D2C77DB74008254B9 /* bangMedium.wav */,
				CA3894A02C77EDA6008254B9 /* thrust.wav */,
				CA38948F2C77DB74008254B9 /* bangSmall.wav */,
				CA38948E2C77DB74008254B9 /* beat1.wav */,
				CA38948C2C77DB74008254B9 /* beat2.wav */,
				CA38948B2C77DB74008254B9 /* extraShip.wav */,
			);
			path = Sounds;
			sourceTree = "<group>";
		};
		CA3894862C77DA8D008254B9 /* Graphics */ = {
			isa = PBXGroup;
			children = (
				CA38945B2C77D967008254B9 /* Assets.xcassets */,
			);
			path = Graphics;
			sourceTree = "<group>";
		};
		CA3894872C77DAA4008254B9 /* GameScene */ = {
			isa = PBXGroup;
			children = (
				CA3894502C77D966008254B9 /* GameScene.sks */,
				CA3894522C77D966008254B9 /* Actions.sks */,
				CA3894542C77D966008254B9 /* GameScene.swift */,
				CA38949C2C77DFA5008254B9 /* Asteroid.swift */,
			);
			path = GameScene;
			sourceTree = "<group>";
		};
		CA3894882C77DABA008254B9 /* Scenes */ = {
			isa = PBXGroup;
			children = (
				CA38948A2C77DAC7008254B9 /* LaunchScene */,
				CA3894892C77DAC0008254B9 /* OpeningScene */,
				CA3894872C77DAA4008254B9 /* GameScene */,
			);
			path = Scenes;
			sourceTree = "<group>";
		};
		CA3894892C77DAC0008254B9 /* OpeningScene */ = {
			isa = PBXGroup;
			children = (
				CA3894982C77DE54008254B9 /* OpeningScene.sks */,
			);
			path = OpeningScene;
			sourceTree = "<group>";
		};
		CA38948A2C77DAC7008254B9 /* LaunchScene */ = {
			isa = PBXGroup;
			children = (
				CA38945D2C77D967008254B9 /* LaunchScreen.storyboard */,
			);
			path = LaunchScene;
			sourceTree = "<group>";
		};
/* End PBXGroup section */

/* Begin PBXNativeTarget section */
		CA38944A2C77D966008254B9 /* Asteroids */ = {
			isa = PBXNativeTarget;
			buildConfigurationList = CA3894782C77D967008254B9 /* Build configuration list for PBXNativeTarget "Asteroids" */;
			buildPhases = (
				CA3894472C77D966008254B9 /* Sources */,
				CA3894482C77D966008254B9 /* Frameworks */,
				CA3894492C77D966008254B9 /* Resources */,
			);
			buildRules = (
			);
			dependencies = (
			);
			name = Asteroids;
			productName = Asteroids;
			productReference = CA38944B2C77D966008254B9 /* Asteroids.app */;
			productType = "com.apple.product-type.application";
		};
		CA3894632C77D967008254B9 /* AsteroidsTests */ = {
			isa = PBXNativeTarget;
			buildConfigurationList = CA38947B2C77D967008254B9 /* Build configuration list for PBXNativeTarget "AsteroidsTests" */;
			buildPhases = (
				CA3894602C77D967008254B9 /* Sources */,
				CA3894612C77D967008254B9 /* Frameworks */,
				CA3894622C77D967008254B9 /* Resources */,
			);
			buildRules = (
			);
			dependencies = (
				CA3894662C77D967008254B9 /* PBXTargetDependency */,
			);
			name = AsteroidsTests;
			productName = AsteroidsTests;
			productReference = CA3894642C77D967008254B9 /* AsteroidsTests.xctest */;
			productType = "com.apple.product-type.bundle.unit-test";
		};
		CA38946D2C77D967008254B9 /* AsteroidsUITests */ = {
			isa = PBXNativeTarget;
			buildConfigurationList = CA38947E2C77D967008254B9 /* Build configuration list for PBXNativeTarget "AsteroidsUITests" */;
			buildPhases = (
				CA38946A2C77D967008254B9 /* Sources */,
				CA38946B2C77D967008254B9 /* Frameworks */,
				CA38946C2C77D967008254B9 /* Resources */,
			);
			buildRules = (
			);
			dependencies = (
				CA3894702C77D967008254B9 /* PBXTargetDependency */,
			);
			name = AsteroidsUITests;
			productName = AsteroidsUITests;
			productReference = CA38946E2C77D967008254B9 /* AsteroidsUITests.xctest */;
			productType = "com.apple.product-type.bundle.ui-testing";
		};
/* End PBXNativeTarget section */

/* Begin PBXProject section */
		CA3894432C77D966008254B9 /* Project object */ = {
			isa = PBXProject;
			attributes = {
				BuildIndependentTargetsInParallel = 1;
				LastSwiftUpdateCheck = 1540;
				LastUpgradeCheck = 1540;
				TargetAttributes = {
					CA38944A2C77D966008254B9 = {
						CreatedOnToolsVersion = 15.4;
					};
					CA3894632C77D967008254B9 = {
						CreatedOnToolsVersion = 15.4;
						TestTargetID = CA38944A2C77D966008254B9;
					};
					CA38946D2C77D967008254B9 = {
						CreatedOnToolsVersion = 15.4;
						TestTargetID = CA38944A2C77D966008254B9;
					};
				};
			};
			buildConfigurationList = CA3894462C77D966008254B9 /* Build configuration list for PBXProject "Asteroids" */;
			compatibilityVersion = "Xcode 14.0";
			developmentRegion = en;
			hasScannedForEncodings = 0;
			knownRegions = (
				en,
				Base,
			);
			mainGroup = CA3894422C77D966008254B9;
			productRefGroup = CA38944C2C77D966008254B9 /* Products */;
			projectDirPath = "";
			projectRoot = "";
			targets = (
				CA38944A2C77D966008254B9 /* Asteroids */,
				CA3894632C77D967008254B9 /* AsteroidsTests */,
				CA38946D2C77D967008254B9 /* AsteroidsUITests */,
			);
		};
/* End PBXProject section */

/* Begin PBXResourcesBuildPhase section */
		CA3894492C77D966008254B9 /* Resources */ = {
			isa = PBXResourcesBuildPhase;
			buildActionMask = 2147483647;
			files = (
				CA3894942C77DB74008254B9 /* beat1.wav in Resources */,
				CA3894922C77DB74008254B9 /* beat2.wav in Resources */,
				CA3894952C77DB74008254B9 /* bangSmall.wav in Resources */,
				CA3894512C77D966008254B9 /* GameScene.sks in Resources */,
				CA3894A12C77EDA6008254B9 /* thrust.wav in Resources */,
				CA3894962C77DB74008254B9 /* bangLarge.wav in Resources */,
				CA38945A2C77D966008254B9 /* Base in Resources */,
				CA3894932C77DB74008254B9 /* bangMedium.wav in Resources */,
				CA38945C2C77D967008254B9 /* Assets.xcassets in Resources */,
				CA3894532C77D966008254B9 /* Actions.sks in Resources */,
				CA38945F2C77D967008254B9 /* Base in Resources */,
				CA3894992C77DE54008254B9 /* OpeningScene.sks in Resources */,
				CA3894912C77DB74008254B9 /* extraShip.wav in Resources */,
			);
			runOnlyForDeploymentPostprocessing = 0;
		};
		CA3894622C77D967008254B9 /* Resources */ = {
			isa = PBXResourcesBuildPhase;
			buildActionMask = 2147483647;
			files = (
			);
			runOnlyForDeploymentPostprocessing = 0;
		};
		CA38946C2C77D967008254B9 /* Resources */ = {
			isa = PBXResourcesBuildPhase;
			buildActionMask = 2147483647;
			files = (
			);
			runOnlyForDeploymentPostprocessing = 0;
		};
/* End PBXResourcesBuildPhase section */

/* Begin PBXSourcesBuildPhase section */
		CA3894472C77D966008254B9 /* Sources */ = {
			isa = PBXSourcesBuildPhase;
			buildActionMask = 2147483647;
			files = (
				CA3894552C77D966008254B9 /* GameScene.swift in Sources */,
				CA3894572C77D966008254B9 /* GameViewController.swift in Sources */,
				CA38944F2C77D966008254B9 /* AppDelegate.swift in Sources */,
				CA38949B2C77DEFA008254B9 /* OpeningScene.swift in Sources */,
				CA38949D2C77DFA5008254B9 /* Asteroid.swift in Sources */,
				CA38949F2C77DFC7008254B9 /* Constants.swift in Sources */,
			);
			runOnlyForDeploymentPostprocessing = 0;
		};
		CA3894602C77D967008254B9 /* Sources */ = {
			isa = PBXSourcesBuildPhase;
			buildActionMask = 2147483647;
			files = (
				CA3894692C77D967008254B9 /* AsteroidsTests.swift in Sources */,
			);
			runOnlyForDeploymentPostprocessing = 0;
		};
		CA38946A2C77D967008254B9 /* Sources */ = {
			isa = PBXSourcesBuildPhase;
			buildActionMask = 2147483647;
			files = (
				CA3894732C77D967008254B9 /* AsteroidsUITests.swift in Sources */,
				CA3894752C77D967008254B9 /* AsteroidsUITestsLaunchTests.swift in Sources */,
			);
			runOnlyForDeploymentPostprocessing = 0;
		};
/* End PBXSourcesBuildPhase section */

/* Begin PBXTargetDependency section */
		CA3894662C77D967008254B9 /* PBXTargetDependency */ = {
			isa = PBXTargetDependency;
			target = CA38944A2C77D966008254B9 /* Asteroids */;
			targetProxy = CA3894652C77D967008254B9 /* PBXContainerItemProxy */;
		};
		CA3894702C77D967008254B9 /* PBXTargetDependency */ = {
			isa = PBXTargetDependency;
			target = CA38944A2C77D966008254B9 /* Asteroids */;
			targetProxy = CA38946F2C77D967008254B9 /* PBXContainerItemProxy */;
		};
/* End PBXTargetDependency section */

/* Begin PBXVariantGroup section */
		CA3894582C77D966008254B9 /* Main.storyboard */ = {
			isa = PBXVariantGroup;
			children = (
				CA3894592C77D966008254B9 /* Base */,
			);
			name = Main.storyboard;
			sourceTree = "<group>";
		};
		CA38945D2C77D967008254B9 /* LaunchScreen.storyboard */ = {
			isa = PBXVariantGroup;
			children = (
				CA38945E2C77D967008254B9 /* Base */,
			);
			name = LaunchScreen.storyboard;
			sourceTree = "<group>";
		};
/* End PBXVariantGroup section */

/* Begin XCBuildConfiguration section */
		CA3894762C77D967008254B9 /* Debug */ = {
			isa = XCBuildConfiguration;
			buildSettings = {
				ALWAYS_SEARCH_USER_PATHS = NO;
				ASSETCATALOG_COMPILER_GENERATE_SWIFT_ASSET_SYMBOL_EXTENSIONS = YES;
				CLANG_ANALYZER_NONNULL = YES;
				CLANG_ANALYZER_NUMBER_OBJECT_CONVERSION = YES_AGGRESSIVE;
				CLANG_CXX_LANGUAGE_STANDARD = "gnu++20";
				CLANG_ENABLE_MODULES = YES;
				CLANG_ENABLE_OBJC_ARC = YES;
				CLANG_ENABLE_OBJC_WEAK = YES;
				CLANG_WARN_BLOCK_CAPTURE_AUTORELEASING = YES;
				CLANG_WARN_BOOL_CONVERSION = YES;
				CLANG_WARN_COMMA = YES;
				CLANG_WARN_CONSTANT_CONVERSION = YES;
				CLANG_WARN_DEPRECATED_OBJC_IMPLEMENTATIONS = YES;
				CLANG_WARN_DIRECT_OBJC_ISA_USAGE = YES_ERROR;
				CLANG_WARN_DOCUMENTATION_COMMENTS = YES;
				CLANG_WARN_EMPTY_BODY = YES;
				CLANG_WARN_ENUM_CONVERSION = YES;
				CLANG_WARN_INFINITE_RECURSION = YES;
				CLANG_WARN_INT_CONVERSION = YES;
				CLANG_WARN_NON_LITERAL_NULL_CONVERSION = YES;
				CLANG_WARN_OBJC_IMPLICIT_RETAIN_SELF = YES;
				CLANG_WARN_OBJC_LITERAL_CONVERSION = YES;
				CLANG_WARN_OBJC_ROOT_CLASS = YES_ERROR;
				CLANG_WARN_QUOTED_INCLUDE_IN_FRAMEWORK_HEADER = YES;
				CLANG_WARN_RANGE_LOOP_ANALYSIS = YES;
				CLANG_WARN_STRICT_PROTOTYPES = YES;
				CLANG_WARN_SUSPICIOUS_MOVE = YES;
				CLANG_WARN_UNGUARDED_AVAILABILITY = YES_AGGRESSIVE;
				CLANG_WARN_UNREACHABLE_CODE = YES;
				CLANG_WARN__DUPLICATE_METHOD_MATCH = YES;
				COPY_PHASE_STRIP = NO;
				DEBUG_INFORMATION_FORMAT = dwarf;
				ENABLE_STRICT_OBJC_MSGSEND = YES;
				ENABLE_TESTABILITY = YES;
				ENABLE_USER_SCRIPT_SANDBOXING = YES;
				GCC_C_LANGUAGE_STANDARD = gnu17;
				GCC_DYNAMIC_NO_PIC = NO;
				GCC_NO_COMMON_BLOCKS = YES;
				GCC_OPTIMIZATION_LEVEL = 0;
				GCC_PREPROCESSOR_DEFINITIONS = (
					"DEBUG=1",
					"$(inherited)",
				);
				GCC_WARN_64_TO_32_BIT_CONVERSION = YES;
				GCC_WARN_ABOUT_RETURN_TYPE = YES_ERROR;
				GCC_WARN_UNDECLARED_SELECTOR = YES;
				GCC_WARN_UNINITIALIZED_AUTOS = YES_AGGRESSIVE;
				GCC_WARN_UNUSED_FUNCTION = YES;
				GCC_WARN_UNUSED_VARIABLE = YES;
				IPHONEOS_DEPLOYMENT_TARGET = 17.5;
				LOCALIZATION_PREFERS_STRING_CATALOGS = YES;
				MTL_ENABLE_DEBUG_INFO = INCLUDE_SOURCE;
				MTL_FAST_MATH = YES;
				ONLY_ACTIVE_ARCH = YES;
				SDKROOT = iphoneos;
				SWIFT_ACTIVE_COMPILATION_CONDITIONS = "DEBUG $(inherited)";
				SWIFT_OPTIMIZATION_LEVEL = "-Onone";
			};
			name = Debug;
		};
		CA3894772C77D967008254B9 /* Release */ = {
			isa = XCBuildConfiguration;
			buildSettings = {
				ALWAYS_SEARCH_USER_PATHS = NO;
				ASSETCATALOG_COMPILER_GENERATE_SWIFT_ASSET_SYMBOL_EXTENSIONS = YES;
				CLANG_ANALYZER_NONNULL = YES;
				CLANG_ANALYZER_NUMBER_OBJECT_CONVERSION = YES_AGGRESSIVE;
				CLANG_CXX_LANGUAGE_STANDARD = "gnu++20";
				CLANG_ENABLE_MODULES = YES;
				CLANG_ENABLE_OBJC_ARC = YES;
				CLANG_ENABLE_OBJC_WEAK = YES;
				CLANG_WARN_BLOCK_CAPTURE_AUTORELEASING = YES;
				CLANG_WARN_BOOL_CONVERSION = YES;
				CLANG_WARN_COMMA = YES;
				CLANG_WARN_CONSTANT_CONVERSION = YES;
				CLANG_WARN_DEPRECATED_OBJC_IMPLEMENTATIONS = YES;
				CLANG_WARN_DIRECT_OBJC_ISA_USAGE = YES_ERROR;
				CLANG_WARN_DOCUMENTATION_COMMENTS = YES;
				CLANG_WARN_EMPTY_BODY = YES;
				CLANG_WARN_ENUM_CONVERSION = YES;
				CLANG_WARN_INFINITE_RECURSION = YES;
				CLANG_WARN_INT_CONVERSION = YES;
				CLANG_WARN_NON_LITERAL_NULL_CONVERSION = YES;
				CLANG_WARN_OBJC_IMPLICIT_RETAIN_SELF = YES;
				CLANG_WARN_OBJC_LITERAL_CONVERSION = YES;
				CLANG_WARN_OBJC_ROOT_CLASS = YES_ERROR;
				CLANG_WARN_QUOTED_INCLUDE_IN_FRAMEWORK_HEADER = YES;
				CLANG_WARN_RANGE_LOOP_ANALYSIS = YES;
				CLANG_WARN_STRICT_PROTOTYPES = YES;
				CLANG_WARN_SUSPICIOUS_MOVE = YES;
				CLANG_WARN_UNGUARDED_AVAILABILITY = YES_AGGRESSIVE;
				CLANG_WARN_UNREACHABLE_CODE = YES;
				CLANG_WARN__DUPLICATE_METHOD_MATCH = YES;
				COPY_PHASE_STRIP = NO;
				DEBUG_INFORMATION_FORMAT = "dwarf-with-dsym";
				ENABLE_NS_ASSERTIONS = NO;
				ENABLE_STRICT_OBJC_MSGSEND = YES;
				ENABLE_USER_SCRIPT_SANDBOXING = YES;
				GCC_C_LANGUAGE_STANDARD = gnu17;
				GCC_NO_COMMON_BLOCKS = YES;
				GCC_WARN_64_TO_32_BIT_CONVERSION = YES;
				GCC_WARN_ABOUT_RETURN_TYPE = YES_ERROR;
				GCC_WARN_UNDECLARED_SELECTOR = YES;
				GCC_WARN_UNINITIALIZED_AUTOS = YES_AGGRESSIVE;
				GCC_WARN_UNUSED_FUNCTION = YES;
				GCC_WARN_UNUSED_VARIABLE = YES;
				IPHONEOS_DEPLOYMENT_TARGET = 17.5;
				LOCALIZATION_PREFERS_STRING_CATALOGS = YES;
				MTL_ENABLE_DEBUG_INFO = NO;
				MTL_FAST_MATH = YES;
				SDKROOT = iphoneos;
				SWIFT_COMPILATION_MODE = wholemodule;
				VALIDATE_PRODUCT = YES;
			};
			name = Release;
		};
		CA3894792C77D967008254B9 /* Debug */ = {
			isa = XCBuildConfiguration;
			buildSettings = {
				ASSETCATALOG_COMPILER_APPICON_NAME = AppIcon;
				ASSETCATALOG_COMPILER_GLOBAL_ACCENT_COLOR_NAME = AccentColor;
				CODE_SIGN_STYLE = Automatic;
				CURRENT_PROJECT_VERSION = 1;
				DEVELOPMENT_TEAM = 83Z22V6XMU;
				GENERATE_INFOPLIST_FILE = YES;
				INFOPLIST_FILE = Asteroids/Info.plist;
				INFOPLIST_KEY_UIApplicationSupportsIndirectInputEvents = YES;
				INFOPLIST_KEY_UILaunchStoryboardName = LaunchScreen.storyboard;
				INFOPLIST_KEY_UIMainStoryboardFile = Main;
				INFOPLIST_KEY_UIRequiresFullScreen = YES;
				INFOPLIST_KEY_UIStatusBarHidden = YES;
				INFOPLIST_KEY_UISupportedInterfaceOrientations = "UIInterfaceOrientationLandscapeLeft UIInterfaceOrientationLandscapeRight";
				INFOPLIST_KEY_UISupportedInterfaceOrientations_iPad = "UIInterfaceOrientationLandscapeLeft UIInterfaceOrientationLandscapeRight UIInterfaceOrientationPortrait UIInterfaceOrientationPortraitUpsideDown";
				LD_RUNPATH_SEARCH_PATHS = (
					"$(inherited)",
					"@executable_path/Frameworks",
				);
				MARKETING_VERSION = 1.0;
				PRODUCT_BUNDLE_IDENTIFIER = com.conner.yoon.Asteroids;
				PRODUCT_NAME = "$(TARGET_NAME)";
				SWIFT_EMIT_LOC_STRINGS = YES;
				SWIFT_VERSION = 5.0;
				TARGETED_DEVICE_FAMILY = "1,2";
			};
			name = Debug;
		};
		CA38947A2C77D967008254B9 /* Release */ = {
			isa = XCBuildConfiguration;
			buildSettings = {
				ASSETCATALOG_COMPILER_APPICON_NAME = AppIcon;
				ASSETCATALOG_COMPILER_GLOBAL_ACCENT_COLOR_NAME = AccentColor;
				CODE_SIGN_STYLE = Automatic;
				CURRENT_PROJECT_VERSION = 1;
				DEVELOPMENT_TEAM = 83Z22V6XMU;
				GENERATE_INFOPLIST_FILE = YES;
				INFOPLIST_FILE = Asteroids/Info.plist;
				INFOPLIST_KEY_UIApplicationSupportsIndirectInputEvents = YES;
				INFOPLIST_KEY_UILaunchStoryboardName = LaunchScreen.storyboard;
				INFOPLIST_KEY_UIMainStoryboardFile = Main;
				INFOPLIST_KEY_UIRequiresFullScreen = YES;
				INFOPLIST_KEY_UIStatusBarHidden = YES;
				INFOPLIST_KEY_UISupportedInterfaceOrientations = "UIInterfaceOrientationLandscapeLeft UIInterfaceOrientationLandscapeRight";
				INFOPLIST_KEY_UISupportedInterfaceOrientations_iPad = "UIInterfaceOrientationLandscapeLeft UIInterfaceOrientationLandscapeRight UIInterfaceOrientationPortrait UIInterfaceOrientationPortraitUpsideDown";
				LD_RUNPATH_SEARCH_PATHS = (
					"$(inherited)",
					"@executable_path/Frameworks",
				);
				MARKETING_VERSION = 1.0;
				PRODUCT_BUNDLE_IDENTIFIER = com.conner.yoon.Asteroids;
				PRODUCT_NAME = "$(TARGET_NAME)";
				SWIFT_EMIT_LOC_STRINGS = YES;
				SWIFT_VERSION = 5.0;
				TARGETED_DEVICE_FAMILY = "1,2";
			};
			name = Release;
		};
		CA38947C2C77D967008254B9 /* Debug */ = {
			isa = XCBuildConfiguration;
			buildSettings = {
				ALWAYS_EMBED_SWIFT_STANDARD_LIBRARIES = YES;
				BUNDLE_LOADER = "$(TEST_HOST)";
				CODE_SIGN_STYLE = Automatic;
				CURRENT_PROJECT_VERSION = 1;
				DEVELOPMENT_TEAM = 83Z22V6XMU;
				GENERATE_INFOPLIST_FILE = YES;
				IPHONEOS_DEPLOYMENT_TARGET = 17.5;
				MARKETING_VERSION = 1.0;
				PRODUCT_BUNDLE_IDENTIFIER = com.conner.yoon.AsteroidsTests;
				PRODUCT_NAME = "$(TARGET_NAME)";
				SWIFT_EMIT_LOC_STRINGS = NO;
				SWIFT_VERSION = 5.0;
				TARGETED_DEVICE_FAMILY = "1,2";
				TEST_HOST = "$(BUILT_PRODUCTS_DIR)/Asteroids.app/$(BUNDLE_EXECUTABLE_FOLDER_PATH)/Asteroids";
			};
			name = Debug;
		};
		CA38947D2C77D967008254B9 /* Release */ = {
			isa = XCBuildConfiguration;
			buildSettings = {
				ALWAYS_EMBED_SWIFT_STANDARD_LIBRARIES = YES;
				BUNDLE_LOADER = "$(TEST_HOST)";
				CODE_SIGN_STYLE = Automatic;
				CURRENT_PROJECT_VERSION = 1;
				DEVELOPMENT_TEAM = 83Z22V6XMU;
				GENERATE_INFOPLIST_FILE = YES;
				IPHONEOS_DEPLOYMENT_TARGET = 17.5;
				MARKETING_VERSION = 1.0;
				PRODUCT_BUNDLE_IDENTIFIER = com.conner.yoon.AsteroidsTests;
				PRODUCT_NAME = "$(TARGET_NAME)";
				SWIFT_EMIT_LOC_STRINGS = NO;
				SWIFT_VERSION = 5.0;
				TARGETED_DEVICE_FAMILY = "1,2";
				TEST_HOST = "$(BUILT_PRODUCTS_DIR)/Asteroids.app/$(BUNDLE_EXECUTABLE_FOLDER_PATH)/Asteroids";
			};
			name = Release;
		};
		CA38947F2C77D967008254B9 /* Debug */ = {
			isa = XCBuildConfiguration;
			buildSettings = {
				ALWAYS_EMBED_SWIFT_STANDARD_LIBRARIES = YES;
				CODE_SIGN_STYLE = Automatic;
				CURRENT_PROJECT_VERSION = 1;
				DEVELOPMENT_TEAM = 83Z22V6XMU;
				GENERATE_INFOPLIST_FILE = YES;
				MARKETING_VERSION = 1.0;
				PRODUCT_BUNDLE_IDENTIFIER = com.conner.yoon.AsteroidsUITests;
				PRODUCT_NAME = "$(TARGET_NAME)";
				SWIFT_EMIT_LOC_STRINGS = NO;
				SWIFT_VERSION = 5.0;
				TARGETED_DEVICE_FAMILY = "1,2";
				TEST_TARGET_NAME = Asteroids;
			};
			name = Debug;
		};
		CA3894802C77D967008254B9 /* Release */ = {
			isa = XCBuildConfiguration;
			buildSettings = {
				ALWAYS_EMBED_SWIFT_STANDARD_LIBRARIES = YES;
				CODE_SIGN_STYLE = Automatic;
				CURRENT_PROJECT_VERSION = 1;
				DEVELOPMENT_TEAM = 83Z22V6XMU;
				GENERATE_INFOPLIST_FILE = YES;
				MARKETING_VERSION = 1.0;
				PRODUCT_BUNDLE_IDENTIFIER = com.conner.yoon.AsteroidsUITests;
				PRODUCT_NAME = "$(TARGET_NAME)";
				SWIFT_EMIT_LOC_STRINGS = NO;
				SWIFT_VERSION = 5.0;
				TARGETED_DEVICE_FAMILY = "1,2";
				TEST_TARGET_NAME = Asteroids;
			};
			name = Release;
		};
/* End XCBuildConfiguration section */

/* Begin XCConfigurationList section */
		CA3894462C77D966008254B9 /* Build configuration list for PBXProject "Asteroids" */ = {
			isa = XCConfigurationList;
			buildConfigurations = (
				CA3894762C77D967008254B9 /* Debug */,
				CA3894772C77D967008254B9 /* Release */,
			);
			defaultConfigurationIsVisible = 0;
			defaultConfigurationName = Release;
		};
		CA3894782C77D967008254B9 /* Build configuration list for PBXNativeTarget "Asteroids" */ = {
			isa = XCConfigurationList;
			buildConfigurations = (
				CA3894792C77D967008254B9 /* Debug */,
				CA38947A2C77D967008254B9 /* Release */,
			);
			defaultConfigurationIsVisible = 0;
			defaultConfigurationName = Release;
		};
		CA38947B2C77D967008254B9 /* Build configuration list for PBXNativeTarget "AsteroidsTests" */ = {
			isa = XCConfigurationList;
			buildConfigurations = (
				CA38947C2C77D967008254B9 /* Debug */,
				CA38947D2C77D967008254B9 /* Release */,
			);
			defaultConfigurationIsVisible = 0;
			defaultConfigurationName = Release;
		};
		CA38947E2C77D967008254B9 /* Build configuration list for PBXNativeTarget "AsteroidsUITests" */ = {
			isa = XCConfigurationList;
			buildConfigurations = (
				CA38947F2C77D967008254B9 /* Debug */,
				CA3894802C77D967008254B9 /* Release */,
			);
			defaultConfigurationIsVisible = 0;
			defaultConfigurationName = Release;
		};
/* End XCConfigurationList section */
	};
	rootObject = CA3894432C77D966008254B9 /* Project object */;
}
